// !$*UTF8*$!
{
	archiveVersion = 1;
	classes = {
	};
	objectVersion = 56;
	objects = {

/* Begin PBXBuildFile section */
		A1FBA1D52A8FBA4E006694FF /* AppDelegate.swift in Sources */ = {isa = PBXBuildFile; fileRef = A1FBA1D42A8FBA4E006694FF /* AppDelegate.swift */; };
		A1FBA1D72A8FBA4E006694FF /* SceneDelegate.swift in Sources */ = {isa = PBXBuildFile; fileRef = A1FBA1D62A8FBA4E006694FF /* SceneDelegate.swift */; };
		A1FBA1DC2A8FBA4F006694FF /* Main.storyboard in Resources */ = {isa = PBXBuildFile; fileRef = A1FBA1DA2A8FBA4F006694FF /* Main.storyboard */; };
		A1FBA1DE2A8FBA52006694FF /* Assets.xcassets in Resources */ = {isa = PBXBuildFile; fileRef = A1FBA1DD2A8FBA52006694FF /* Assets.xcassets */; };
		A1FBA1E12A8FBA52006694FF /* LaunchScreen.storyboard in Resources */ = {isa = PBXBuildFile; fileRef = A1FBA1DF2A8FBA52006694FF /* LaunchScreen.storyboard */; };
		A1FBA1E92A8FBEBE006694FF /* sample-response.json in Resources */ = {isa = PBXBuildFile; fileRef = A1FBA1E82A8FBEBE006694FF /* sample-response.json */; };
		A1FBA1EB2A8FDCEC006694FF /* NotesVC.swift in Sources */ = {isa = PBXBuildFile; fileRef = A1FBA1EA2A8FDCEC006694FF /* NotesVC.swift */; };
		A1FBA1ED2A8FDD41006694FF /* OtpVC.swift in Sources */ = {isa = PBXBuildFile; fileRef = A1FBA1EC2A8FDD41006694FF /* OtpVC.swift */; };
		A1FBA1EF2A8FDD5B006694FF /* PhoneNumVC.swift in Sources */ = {isa = PBXBuildFile; fileRef = A1FBA1EE2A8FDD5B006694FF /* PhoneNumVC.swift */; };
		A1FBA1F12A90D6DC006694FF /* ProfilesResponse.swift in Sources */ = {isa = PBXBuildFile; fileRef = A1FBA1F02A90D6DC006694FF /* ProfilesResponse.swift */; };
/* End PBXBuildFile section */

/* Begin PBXFileReference section */
		A1FBA1D12A8FBA4E006694FF /* aisle-assignment.app */ = {isa = PBXFileReference; explicitFileType = wrapper.application; includeInIndex = 0; path = "aisle-assignment.app"; sourceTree = BUILT_PRODUCTS_DIR; };
		A1FBA1D42A8FBA4E006694FF /* AppDelegate.swift */ = {isa = PBXFileReference; lastKnownFileType = sourcecode.swift; path = AppDelegate.swift; sourceTree = "<group>"; };
		A1FBA1D62A8FBA4E006694FF /* SceneDelegate.swift */ = {isa = PBXFileReference; lastKnownFileType = sourcecode.swift; path = SceneDelegate.swift; sourceTree = "<group>"; };
		A1FBA1DB2A8FBA4F006694FF /* Base */ = {isa = PBXFileReference; lastKnownFileType = file.storyboard; name = Base; path = Base.lproj/Main.storyboard; sourceTree = "<group>"; };
		A1FBA1DD2A8FBA52006694FF /* Assets.xcassets */ = {isa = PBXFileReference; lastKnownFileType = folder.assetcatalog; path = Assets.xcassets; sourceTree = "<group>"; };
		A1FBA1E02A8FBA52006694FF /* Base */ = {isa = PBXFileReference; lastKnownFileType = file.storyboard; name = Base; path = Base.lproj/LaunchScreen.storyboard; sourceTree = "<group>"; };
		A1FBA1E22A8FBA52006694FF /* Info.plist */ = {isa = PBXFileReference; lastKnownFileType = text.plist.xml; path = Info.plist; sourceTree = "<group>"; };
		A1FBA1E82A8FBEBE006694FF /* sample-response.json */ = {isa = PBXFileReference; lastKnownFileType = text.json; path = "sample-response.json"; sourceTree = "<group>"; };
		A1FBA1EA2A8FDCEC006694FF /* NotesVC.swift */ = {isa = PBXFileReference; lastKnownFileType = sourcecode.swift; path = NotesVC.swift; sourceTree = "<group>"; };
		A1FBA1EC2A8FDD41006694FF /* OtpVC.swift */ = {isa = PBXFileReference; lastKnownFileType = sourcecode.swift; path = OtpVC.swift; sourceTree = "<group>"; };
		A1FBA1EE2A8FDD5B006694FF /* PhoneNumVC.swift */ = {isa = PBXFileReference; lastKnownFileType = sourcecode.swift; path = PhoneNumVC.swift; sourceTree = "<group>"; };
		A1FBA1F02A90D6DC006694FF /* ProfilesResponse.swift */ = {isa = PBXFileReference; lastKnownFileType = sourcecode.swift; path = ProfilesResponse.swift; sourceTree = "<group>"; };
/* End PBXFileReference section */

/* Begin PBXFrameworksBuildPhase section */
		A1FBA1CE2A8FBA4E006694FF /* Frameworks */ = {
			isa = PBXFrameworksBuildPhase;
			buildActionMask = 2147483647;
			files = (
			);
			runOnlyForDeploymentPostprocessing = 0;
		};
/* End PBXFrameworksBuildPhase section */

/* Begin PBXGroup section */
		A1FBA1C82A8FBA4E006694FF = {
			isa = PBXGroup;
			children = (
				A1FBA1E82A8FBEBE006694FF /* sample-response.json */,
				A1FBA1D32A8FBA4E006694FF /* aisle-assignment */,
				A1FBA1D22A8FBA4E006694FF /* Products */,
			);
			sourceTree = "<group>";
		};
		A1FBA1D22A8FBA4E006694FF /* Products */ = {
			isa = PBXGroup;
			children = (
				A1FBA1D12A8FBA4E006694FF /* aisle-assignment.app */,
			);
			name = Products;
			sourceTree = "<group>";
		};
		A1FBA1D32A8FBA4E006694FF /* aisle-assignment */ = {
			isa = PBXGroup;
			children = (
				A1FBA1D42A8FBA4E006694FF /* AppDelegate.swift */,
				A1FBA1D62A8FBA4E006694FF /* SceneDelegate.swift */,
				A1FBA1DA2A8FBA4F006694FF /* Main.storyboard */,
				A1FBA1F02A90D6DC006694FF /* ProfilesResponse.swift */,
				A1FBA1EC2A8FDD41006694FF /* OtpVC.swift */,
				A1FBA1EE2A8FDD5B006694FF /* PhoneNumVC.swift */,
				A1FBA1EA2A8FDCEC006694FF /* NotesVC.swift */,
				A1FBA1DD2A8FBA52006694FF /* Assets.xcassets */,
				A1FBA1DF2A8FBA52006694FF /* LaunchScreen.storyboard */,
				A1FBA1E22A8FBA52006694FF /* Info.plist */,
			);
			path = "aisle-assignment";
			sourceTree = "<group>";
		};
/* End PBXGroup section */

/* Begin PBXNativeTarget section */
		A1FBA1D02A8FBA4E006694FF /* aisle-assignment */ = {
			isa = PBXNativeTarget;
			buildConfigurationList = A1FBA1E52A8FBA52006694FF /* Build configuration list for PBXNativeTarget "aisle-assignment" */;
			buildPhases = (
				A1FBA1CD2A8FBA4E006694FF /* Sources */,
				A1FBA1CE2A8FBA4E006694FF /* Frameworks */,
				A1FBA1CF2A8FBA4E006694FF /* Resources */,
			);
			buildRules = (
			);
			dependencies = (
			);
			name = "aisle-assignment";
			productName = "aisle-assignment";
			productReference = A1FBA1D12A8FBA4E006694FF /* aisle-assignment.app */;
			productType = "com.apple.product-type.application";
		};
/* End PBXNativeTarget section */

/* Begin PBXProject section */
		A1FBA1C92A8FBA4E006694FF /* Project object */ = {
			isa = PBXProject;
			attributes = {
				BuildIndependentTargetsInParallel = 1;
				LastSwiftUpdateCheck = 1430;
				LastUpgradeCheck = 1430;
				TargetAttributes = {
					A1FBA1D02A8FBA4E006694FF = {
						CreatedOnToolsVersion = 14.3.1;
					};
				};
			};
			buildConfigurationList = A1FBA1CC2A8FBA4E006694FF /* Build configuration list for PBXProject "aisle-assignment" */;
			compatibilityVersion = "Xcode 14.0";
			developmentRegion = en;
			hasScannedForEncodings = 0;
			knownRegions = (
				en,
				Base,
			);
			mainGroup = A1FBA1C82A8FBA4E006694FF;
			productRefGroup = A1FBA1D22A8FBA4E006694FF /* Products */;
			projectDirPath = "";
			projectRoot = "";
			targets = (
				A1FBA1D02A8FBA4E006694FF /* aisle-assignment */,
			);
		};
/* End PBXProject section */

/* Begin PBXResourcesBuildPhase section */
		A1FBA1CF2A8FBA4E006694FF /* Resources */ = {
			isa = PBXResourcesBuildPhase;
			buildActionMask = 2147483647;
			files = (
				A1FBA1E12A8FBA52006694FF /* LaunchScreen.storyboard in Resources */,
				A1FBA1DE2A8FBA52006694FF /* Assets.xcassets in Resources */,
				A1FBA1E92A8FBEBE006694FF /* sample-response.json in Resources */,
				A1FBA1DC2A8FBA4F006694FF /* Main.storyboard in Resources */,
			);
			runOnlyForDeploymentPostprocessing = 0;
		};
/* End PBXResourcesBuildPhase section */

/* Begin PBXSourcesBuildPhase section */
		A1FBA1CD2A8FBA4E006694FF /* Sources */ = {
			isa = PBXSourcesBuildPhase;
			buildActionMask = 2147483647;
			files = (
				A1FBA1EF2A8FDD5B006694FF /* PhoneNumVC.swift in Sources */,
				A1FBA1D52A8FBA4E006694FF /* AppDelegate.swift in Sources */,
				A1FBA1EB2A8FDCEC006694FF /* NotesVC.swift in Sources */,
				A1FBA1ED2A8FDD41006694FF /* OtpVC.swift in Sources */,
				A1FBA1F12A90D6DC006694FF /* ProfilesResponse.swift in Sources */,
				A1FBA1D72A8FBA4E006694FF /* SceneDelegate.swift in Sources */,
			);
			runOnlyForDeploymentPostprocessing = 0;
		};
/* End PBXSourcesBuildPhase section */

/* Begin PBXVariantGroup section */
		A1FBA1DA2A8FBA4F006694FF /* Main.storyboard */ = {
			isa = PBXVariantGroup;
			children = (
				A1FBA1DB2A8FBA4F006694FF /* Base */,
			);
			name = Main.storyboard;
			sourceTree = "<group>";
		};
		A1FBA1DF2A8FBA52006694FF /* LaunchScreen.storyboard */ = {
			isa = PBXVariantGroup;
			children = (
				A1FBA1E02A8FBA52006694FF /* Base */,
			);
			name = LaunchScreen.storyboard;
			sourceTree = "<group>";
		};
/* End PBXVariantGroup section */

/* Begin XCBuildConfiguration section */
		A1FBA1E32A8FBA52006694FF /* Debug */ = {
			isa = XCBuildConfiguration;
			buildSettings = {
				ALWAYS_SEARCH_USER_PATHS = NO;
				CLANG_ANALYZER_NONNULL = YES;
				CLANG_ANALYZER_NUMBER_OBJECT_CONVERSION = YES_AGGRESSIVE;
				CLANG_CXX_LANGUAGE_STANDARD = "gnu++20";
				CLANG_ENABLE_MODULES = YES;
				CLANG_ENABLE_OBJC_ARC = YES;
				CLANG_ENABLE_OBJC_WEAK = YES;
				CLANG_WARN_BLOCK_CAPTURE_AUTORELEASING = YES;
				CLANG_WARN_BOOL_CONVERSION = YES;
				CLANG_WARN_COMMA = YES;
				CLANG_WARN_CONSTANT_CONVERSION = YES;
				CLANG_WARN_DEPRECATED_OBJC_IMPLEMENTATIONS = YES;
				CLANG_WARN_DIRECT_OBJC_ISA_USAGE = YES_ERROR;
				CLANG_WARN_DOCUMENTATION_COMMENTS = YES;
				CLANG_WARN_EMPTY_BODY = YES;
				CLANG_WARN_ENUM_CONVERSION = YES;
				CLANG_WARN_INFINITE_RECURSION = YES;
				CLANG_WARN_INT_CONVERSION = YES;
				CLANG_WARN_NON_LITERAL_NULL_CONVERSION = YES;
				CLANG_WARN_OBJC_IMPLICIT_RETAIN_SELF = YES;
				CLANG_WARN_OBJC_LITERAL_CONVERSION = YES;
				CLANG_WARN_OBJC_ROOT_CLASS = YES_ERROR;
				CLANG_WARN_QUOTED_INCLUDE_IN_FRAMEWORK_HEADER = YES;
				CLANG_WARN_RANGE_LOOP_ANALYSIS = YES;
				CLANG_WARN_STRICT_PROTOTYPES = YES;
				CLANG_WARN_SUSPICIOUS_MOVE = YES;
				CLANG_WARN_UNGUARDED_AVAILABILITY = YES_AGGRESSIVE;
				CLANG_WARN_UNREACHABLE_CODE = YES;
				CLANG_WARN__DUPLICATE_METHOD_MATCH = YES;
				COPY_PHASE_STRIP = NO;
				DEBUG_INFORMATION_FORMAT = dwarf;
				ENABLE_STRICT_OBJC_MSGSEND = YES;
				ENABLE_TESTABILITY = YES;
				GCC_C_LANGUAGE_STANDARD = gnu11;
				GCC_DYNAMIC_NO_PIC = NO;
				GCC_NO_COMMON_BLOCKS = YES;
				GCC_OPTIMIZATION_LEVEL = 0;
				GCC_PREPROCESSOR_DEFINITIONS = (
					"DEBUG=1",
					"$(inherited)",
				);
				GCC_WARN_64_TO_32_BIT_CONVERSION = YES;
				GCC_WARN_ABOUT_RETURN_TYPE = YES_ERROR;
				GCC_WARN_UNDECLARED_SELECTOR = YES;
				GCC_WARN_UNINITIALIZED_AUTOS = YES_AGGRESSIVE;
				GCC_WARN_UNUSED_FUNCTION = YES;
				GCC_WARN_UNUSED_VARIABLE = YES;
				IPHONEOS_DEPLOYMENT_TARGET = 16.4;
				MTL_ENABLE_DEBUG_INFO = INCLUDE_SOURCE;
				MTL_FAST_MATH = YES;
				ONLY_ACTIVE_ARCH = YES;
				SDKROOT = iphoneos;
				SWIFT_ACTIVE_COMPILATION_CONDITIONS = DEBUG;
				SWIFT_OPTIMIZATION_LEVEL = "-Onone";
			};
			name = Debug;
		};
		A1FBA1E42A8FBA52006694FF /* Release */ = {
			isa = XCBuildConfiguration;
			buildSettings = {
				ALWAYS_SEARCH_USER_PATHS = NO;
				CLANG_ANALYZER_NONNULL = YES;
				CLANG_ANALYZER_NUMBER_OBJECT_CONVERSION = YES_AGGRESSIVE;
				CLANG_CXX_LANGUAGE_STANDARD = "gnu++20";
				CLANG_ENABLE_MODULES = YES;
				CLANG_ENABLE_OBJC_ARC = YES;
				CLANG_ENABLE_OBJC_WEAK = YES;
				CLANG_WARN_BLOCK_CAPTURE_AUTORELEASING = YES;
				CLANG_WARN_BOOL_CONVERSION = YES;
				CLANG_WARN_COMMA = YES;
				CLANG_WARN_CONSTANT_CONVERSION = YES;
				CLANG_WARN_DEPRECATED_OBJC_IMPLEMENTATIONS = YES;
				CLANG_WARN_DIRECT_OBJC_ISA_USAGE = YES_ERROR;
				CLANG_WARN_DOCUMENTATION_COMMENTS = YES;
				CLANG_WARN_EMPTY_BODY = YES;
				CLANG_WARN_ENUM_CONVERSION = YES;
				CLANG_WARN_INFINITE_RECURSION = YES;
				CLANG_WARN_INT_CONVERSION = YES;
				CLANG_WARN_NON_LITERAL_NULL_CONVERSION = YES;
				CLANG_WARN_OBJC_IMPLICIT_RETAIN_SELF = YES;
				CLANG_WARN_OBJC_LITERAL_CONVERSION = YES;
				CLANG_WARN_OBJC_ROOT_CLASS = YES_ERROR;
				CLANG_WARN_QUOTED_INCLUDE_IN_FRAMEWORK_HEADER = YES;
				CLANG_WARN_RANGE_LOOP_ANALYSIS = YES;
				CLANG_WARN_STRICT_PROTOTYPES = YES;
				CLANG_WARN_SUSPICIOUS_MOVE = YES;
				CLANG_WARN_UNGUARDED_AVAILABILITY = YES_AGGRESSIVE;
				CLANG_WARN_UNREACHABLE_CODE = YES;
				CLANG_WARN__DUPLICATE_METHOD_MATCH = YES;
				COPY_PHASE_STRIP = NO;
				DEBUG_INFORMATION_FORMAT = "dwarf-with-dsym";
				ENABLE_NS_ASSERTIONS = NO;
				ENABLE_STRICT_OBJC_MSGSEND = YES;
				GCC_C_LANGUAGE_STANDARD = gnu11;
				GCC_NO_COMMON_BLOCKS = YES;
				GCC_WARN_64_TO_32_BIT_CONVERSION = YES;
				GCC_WARN_ABOUT_RETURN_TYPE = YES_ERROR;
				GCC_WARN_UNDECLARED_SELECTOR = YES;
				GCC_WARN_UNINITIALIZED_AUTOS = YES_AGGRESSIVE;
				GCC_WARN_UNUSED_FUNCTION = YES;
				GCC_WARN_UNUSED_VARIABLE = YES;
				IPHONEOS_DEPLOYMENT_TARGET = 16.4;
				MTL_ENABLE_DEBUG_INFO = NO;
				MTL_FAST_MATH = YES;
				SDKROOT = iphoneos;
				SWIFT_COMPILATION_MODE = wholemodule;
				SWIFT_OPTIMIZATION_LEVEL = "-O";
				VALIDATE_PRODUCT = YES;
			};
			name = Release;
		};
		A1FBA1E62A8FBA52006694FF /* Debug */ = {
			isa = XCBuildConfiguration;
			buildSettings = {
				ASSETCATALOG_COMPILER_APPICON_NAME = AppIcon;
				ASSETCATALOG_COMPILER_GLOBAL_ACCENT_COLOR_NAME = AccentColor;
				CODE_SIGN_STYLE = Automatic;
				CURRENT_PROJECT_VERSION = 1;
				GENERATE_INFOPLIST_FILE = YES;
				INFOPLIST_FILE = "aisle-assignment/Info.plist";
				INFOPLIST_KEY_UIApplicationSupportsIndirectInputEvents = YES;
				INFOPLIST_KEY_UILaunchStoryboardName = LaunchScreen;
				INFOPLIST_KEY_UIMainStoryboardFile = Main;
				INFOPLIST_KEY_UISupportedInterfaceOrientations_iPad = "UIInterfaceOrientationPortrait UIInterfaceOrientationPortraitUpsideDown UIInterfaceOrientationLandscapeLeft UIInterfaceOrientationLandscapeRight";
				INFOPLIST_KEY_UISupportedInterfaceOrientations_iPhone = "UIInterfaceOrientationPortrait UIInterfaceOrientationLandscapeLeft UIInterfaceOrientationLandscapeRight";
				LD_RUNPATH_SEARCH_PATHS = (
					"$(inherited)",
					"@executable_path/Frameworks",
				);
				MARKETING_VERSION = 1.0;
				PRODUCT_BUNDLE_IDENTIFIER = "com.example.apple-samplecode.aisle-assignment";
				PRODUCT_NAME = "$(TARGET_NAME)";
				SWIFT_EMIT_LOC_STRINGS = YES;
				SWIFT_VERSION = 5.0;
				TARGETED_DEVICE_FAMILY = "1,2";
			};
			name = Debug;
		};
		A1FBA1E72A8FBA52006694FF /* Release */ = {
			isa = XCBuildConfiguration;
			buildSettings = {
				ASSETCATALOG_COMPILER_APPICON_NAME = AppIcon;
				ASSETCATALOG_COMPILER_GLOBAL_ACCENT_COLOR_NAME = AccentColor;
				CODE_SIGN_STYLE = Automatic;
				CURRENT_PROJECT_VERSION = 1;
				GENERATE_INFOPLIST_FILE = YES;
				INFOPLIST_FILE = "aisle-assignment/Info.plist";
				INFOPLIST_KEY_UIApplicationSupportsIndirectInputEvents = YES;
				INFOPLIST_KEY_UILaunchStoryboardName = LaunchScreen;
				INFOPLIST_KEY_UIMainStoryboardFile = Main;
				INFOPLIST_KEY_UISupportedInterfaceOrientations_iPad = "UIInterfaceOrientationPortrait UIInterfaceOrientationPortraitUpsideDown UIInterfaceOrientationLandscapeLeft UIInterfaceOrientationLandscapeRight";
				INFOPLIST_KEY_UISupportedInterfaceOrientations_iPhone = "UIInterfaceOrientationPortrait UIInterfaceOrientationLandscapeLeft UIInterfaceOrientationLandscapeRight";
				LD_RUNPATH_SEARCH_PATHS = (
					"$(inherited)",
					"@executable_path/Frameworks",
				);
				MARKETING_VERSION = 1.0;
				PRODUCT_BUNDLE_IDENTIFIER = "com.example.apple-samplecode.aisle-assignment";
				PRODUCT_NAME = "$(TARGET_NAME)";
				SWIFT_EMIT_LOC_STRINGS = YES;
				SWIFT_VERSION = 5.0;
				TARGETED_DEVICE_FAMILY = "1,2";
			};
			name = Release;
		};
/* End XCBuildConfiguration section */

/* Begin XCConfigurationList section */
		A1FBA1CC2A8FBA4E006694FF /* Build configuration list for PBXProject "aisle-assignment" */ = {
			isa = XCConfigurationList;
			buildConfigurations = (
				A1FBA1E32A8FBA52006694FF /* Debug */,
				A1FBA1E42A8FBA52006694FF /* Release */,
			);
			defaultConfigurationIsVisible = 0;
			defaultConfigurationName = Release;
		};
		A1FBA1E52A8FBA52006694FF /* Build configuration list for PBXNativeTarget "aisle-assignment" */ = {
			isa = XCConfigurationList;
			buildConfigurations = (
				A1FBA1E62A8FBA52006694FF /* Debug */,
				A1FBA1E72A8FBA52006694FF /* Release */,
			);
			defaultConfigurationIsVisible = 0;
			defaultConfigurationName = Release;
		};
/* End XCConfigurationList section */
	};
	rootObject = A1FBA1C92A8FBA4E006694FF /* Project object */;
}
